
Microsoft Visual Studio Solution File, Format Version 12.00
# Visual Studio Version 17
VisualStudioVersion = 17.0.31903.59
MinimumVisualStudioVersion = 10.0.40219.1
Project("{FAE04EC0-301F-11D3-BF4B-00C04F79EFBC}") = "app", "src\app\app.csproj", "{D08928DA-4040-460F-B079-C4D8849085E9}"
EndProject
Project("{FAE04EC0-301F-11D3-BF4B-00C04F79EFBC}") = "app-tests", "tests\app-tests\app-tests.csproj", "{13CD47F0-8A97-4FD4-B370-11DB184A8616}"
EndProject
Global
	GlobalSection(SolutionConfigurationPlatforms) = preSolution
		Debug|Any CPU = Debug|Any CPU
		Release|Any CPU = Release|Any CPU
	EndGlobalSection
	GlobalSection(SolutionProperties) = preSolution
		HideSolutionNode = FALSE
	EndGlobalSection
	GlobalSection(ProjectConfigurationPlatforms) = postSolution
		{D08928DA-4040-460F-B079-C4D8849085E9}.Debug|Any CPU.ActiveCfg = Debug|Any CPU
		{D08928DA-4040-460F-B079-C4D8849085E9}.Debug|Any CPU.Build.0 = Debug|Any CPU
		{D08928DA-4040-460F-B079-C4D8849085E9}.Release|Any CPU.ActiveCfg = Release|Any CPU
		{D08928DA-4040-460F-B079-C4D8849085E9}.Release|Any CPU.Build.0 = Release|Any CPU
		{13CD47F0-8A97-4FD4-B370-11DB184A8616}.Debug|Any CPU.ActiveCfg = Debug|Any CPU
		{13CD47F0-8A97-4FD4-B370-11DB184A8616}.Debug|Any CPU.Build.0 = Debug|Any CPU
		{13CD47F0-8A97-4FD4-B370-11DB184A8616}.Release|Any CPU.ActiveCfg = Release|Any CPU
		{13CD47F0-8A97-4FD4-B370-11DB184A8616}.Release|Any CPU.Build.0 = Release|Any CPU
	EndGlobalSection
EndGlobal
